<?xml version="1.0" encoding="utf-8"?>
<Project ToolsVersion="4.0" xmlns="http://schemas.microsoft.com/developer/msbuild/2003">
  <ItemGroup>
    <Filter Include="src">
      <UniqueIdentifier>{a5d67fdb-b4b9-44f0-99c7-1ce219d6ed1c}</UniqueIdentifier>
    </Filter>
    <Filter Include="src\io">
      <UniqueIdentifier>{d7f9137b-6b83-42ca-8321-a04a0d75fc0f}</UniqueIdentifier>
    </Filter>
    <Filter Include="src\io\zip">
      <UniqueIdentifier>{466f99d7-c252-4e8f-b143-5a6a34dd623d}</UniqueIdentifier>
    </Filter>
    <Filter Include="src\game">
      <UniqueIdentifier>{fbd43b84-3431-4555-8dd9-f53c4b0e9f62}</UniqueIdentifier>
    </Filter>
    <Filter Include="src\gfx">
      <UniqueIdentifier>{1858cc6f-a60f-49f1-9948-eeaf6c285a06}</UniqueIdentifier>
    </Filter>
    <Filter Include="src\core">
      <UniqueIdentifier>{3af60957-7178-4f43-b849-ab75b83de0e0}</UniqueIdentifier>
    </Filter>
    <Filter Include="src\gfx\views">
      <UniqueIdentifier>{5ab524cc-f37a-44d9-9392-cd22307dd89c}</UniqueIdentifier>
    </Filter>
    <Filter Include="src\utils">
      <UniqueIdentifier>{cc79e933-04d2-490b-a852-1a3f514f9db8}</UniqueIdentifier>
    </Filter>
    <Filter Include="src\utils\format">
      <UniqueIdentifier>{dce27e1d-f514-4d5b-a60f-f20e8c7cc660}</UniqueIdentifier>
    </Filter>
    <Filter Include="src\gfx\backend">
      <UniqueIdentifier>{029f322c-74cf-4ec3-8353-ceff69bb3c5d}</UniqueIdentifier>
    </Filter>
    <Filter Include="src\test">
      <UniqueIdentifier>{9645a774-f657-4333-a42d-66c4457715ce}</UniqueIdentifier>
    </Filter>
    <Filter Include="src\lua">
      <UniqueIdentifier>{58953d47-932d-4490-8b22-2d7e8d65d378}</UniqueIdentifier>
    </Filter>
  </ItemGroup>
  <ItemGroup>
    <ClInclude Include="..\..\..\src\io\Loader.h">
      <Filter>src\io</Filter>
    </ClInclude>
    <ClInclude Include="..\..\..\src\Common.h">
      <Filter>src</Filter>
    </ClInclude>
    <ClInclude Include="..\..\..\src\io\Zip.h">
      <Filter>src\io</Filter>
    </ClInclude>
    <ClInclude Include="..\..\..\src\game\Types.h">
      <Filter>src\game</Filter>
    </ClInclude>
    <ClInclude Include="..\..\..\src\gfx\SdlHelper.h">
      <Filter>src\gfx</Filter>
    </ClInclude>
    <ClInclude Include="..\..\..\src\gfx\ViewManager.h">
      <Filter>src\gfx</Filter>
    </ClInclude>
    <ClInclude Include="..\..\..\src\game\Level.h">
      <Filter>src\game</Filter>
    </ClInclude>
    <ClInclude Include="..\..\..\src\game\Rules.h">
      <Filter>src\game</Filter>
    </ClInclude>
    <ClInclude Include="..\..\..\src\game\Tile.h">
      <Filter>src\game</Filter>
    </ClInclude>
    <ClInclude Include="..\..\..\src\Config.h">
      <Filter>src</Filter>
    </ClInclude>
    <ClInclude Include="..\..\..\src\io\Assets.h">
      <Filter>src\io</Filter>
    </ClInclude>
    <ClInclude Include="..\..\..\src\io\zip\miniz.h">
      <Filter>src\io\zip</Filter>
    </ClInclude>
    <ClInclude Include="..\..\..\src\gfx\Gfx.h">
      <Filter>src\gfx</Filter>
    </ClInclude>
    <ClInclude Include="..\..\..\src\gfx\AssetCache.h">
      <Filter>src\gfx</Filter>
    </ClInclude>
    <ClInclude Include="..\..\..\src\gfx\views\Views.h">
      <Filter>src\gfx\views</Filter>
    </ClInclude>
    <ClInclude Include="..\..\..\src\utils\format\locale.h">
      <Filter>src\utils\format</Filter>
    </ClInclude>
    <ClInclude Include="..\..\..\src\utils\format\ostream.h">
      <Filter>src\utils\format</Filter>
    </ClInclude>
    <ClInclude Include="..\..\..\src\utils\format\printf.h">
      <Filter>src\utils\format</Filter>
    </ClInclude>
    <ClInclude Include="..\..\..\src\utils\format\ranges.h">
      <Filter>src\utils\format</Filter>
    </ClInclude>
    <ClInclude Include="..\..\..\src\utils\format\chrono.h">
      <Filter>src\utils\format</Filter>
    </ClInclude>
    <ClInclude Include="..\..\..\src\utils\format\color.h">
      <Filter>src\utils\format</Filter>
    </ClInclude>
    <ClInclude Include="..\..\..\src\utils\format\compile.h">
      <Filter>src\utils\format</Filter>
    </ClInclude>
    <ClInclude Include="..\..\..\src\utils\format\core.h">
      <Filter>src\utils\format</Filter>
    </ClInclude>
    <ClInclude Include="..\..\..\src\utils\format\format.h">
      <Filter>src\utils\format</Filter>
    </ClInclude>
    <ClInclude Include="..\..\..\src\utils\format\format-inl.h">
      <Filter>src\utils\format</Filter>
    </ClInclude>
    <ClInclude Include="..\..\..\src\game\World.h">
      <Filter>src\game</Filter>
    </ClInclude>
    <ClInclude Include="..\..\..\src\test\LevelTester.h">
      <Filter>src\test</Filter>
    </ClInclude>
    <ClInclude Include="..\..\..\src\lua\lctype.h">
      <Filter>src\lua</Filter>
    </ClInclude>
    <ClInclude Include="..\..\..\src\lua\ldebug.h">
      <Filter>src\lua</Filter>
    </ClInclude>
    <ClInclude Include="..\..\..\src\lua\ldo.h">
      <Filter>src\lua</Filter>
    </ClInclude>
    <ClInclude Include="..\..\..\src\lua\lfunc.h">
      <Filter>src\lua</Filter>
    </ClInclude>
    <ClInclude Include="..\..\..\src\lua\lgc.h">
      <Filter>src\lua</Filter>
    </ClInclude>
    <ClInclude Include="..\..\..\src\lua\ljumptab.h">
      <Filter>src\lua</Filter>
    </ClInclude>
    <ClInclude Include="..\..\..\src\lua\llex.h">
      <Filter>src\lua</Filter>
    </ClInclude>
    <ClInclude Include="..\..\..\src\lua\llimits.h">
      <Filter>src\lua</Filter>
    </ClInclude>
    <ClInclude Include="..\..\..\src\lua\lmem.h">
      <Filter>src\lua</Filter>
    </ClInclude>
    <ClInclude Include="..\..\..\src\lua\lobject.h">
      <Filter>src\lua</Filter>
    </ClInclude>
    <ClInclude Include="..\..\..\src\lua\lopcodes.h">
      <Filter>src\lua</Filter>
    </ClInclude>
    <ClInclude Include="..\..\..\src\lua\lopnames.h">
      <Filter>src\lua</Filter>
    </ClInclude>
    <ClInclude Include="..\..\..\src\lua\lparser.h">
      <Filter>src\lua</Filter>
    </ClInclude>
    <ClInclude Include="..\..\..\src\lua\lprefix.h">
      <Filter>src\lua</Filter>
    </ClInclude>
    <ClInclude Include="..\..\..\src\lua\lstate.h">
      <Filter>src\lua</Filter>
    </ClInclude>
    <ClInclude Include="..\..\..\src\lua\lstring.h">
      <Filter>src\lua</Filter>
    </ClInclude>
    <ClInclude Include="..\..\..\src\lua\ltable.h">
      <Filter>src\lua</Filter>
    </ClInclude>
    <ClInclude Include="..\..\..\src\lua\ltm.h">
      <Filter>src\lua</Filter>
    </ClInclude>
    <ClInclude Include="..\..\..\src\lua\lua.h">
      <Filter>src\lua</Filter>
    </ClInclude>
    <ClInclude Include="..\..\..\src\lua\lua.hpp">
      <Filter>src\lua</Filter>
    </ClInclude>
    <ClInclude Include="..\..\..\src\lua\luaconf.h">
      <Filter>src\lua</Filter>
    </ClInclude>
    <ClInclude Include="..\..\..\src\lua\lualib.h">
      <Filter>src\lua</Filter>
    </ClInclude>
    <ClInclude Include="..\..\..\src\lua\lundump.h">
      <Filter>src\lua</Filter>
    </ClInclude>
    <ClInclude Include="..\..\..\src\lua\lvm.h">
      <Filter>src\lua</Filter>
    </ClInclude>
    <ClInclude Include="..\..\..\src\lua\lzio.h">
      <Filter>src\lua</Filter>
    </ClInclude>
    <ClInclude Include="..\..\..\src\lua\lapi.h">
      <Filter>src\lua</Filter>
    </ClInclude>
    <ClInclude Include="..\..\..\src\lua\lauxlib.h">
      <Filter>src\lua</Filter>
    </ClInclude>
    <ClInclude Include="..\..\..\src\lua\lcode.h">
      <Filter>src\lua</Filter>
    </ClInclude>
    <ClInclude Include="..\..\..\src\game\LuaBridge.h">
      <Filter>src\game</Filter>
    </ClInclude>
  </ItemGroup>
  <ItemGroup>
    <ClCompile Include="..\..\..\src\main.cpp">
      <Filter>src</Filter>
    </ClCompile>
    <ClCompile Include="..\..\..\src\io\Loader.cpp">
      <Filter>src\io</Filter>
    </ClCompile>
    <ClCompile Include="..\..\..\src\io\Zips.cpp">
      <Filter>src\io</Filter>
    </ClCompile>
    <ClCompile Include="..\..\..\src\gfx\ViewManager.cpp">
      <Filter>src\gfx</Filter>
    </ClCompile>
    <ClCompile Include="..\..\..\src\game\Level.cpp">
      <Filter>src\game</Filter>
    </ClCompile>
    <ClCompile Include="..\..\..\src\game\Tile.cpp">
      <Filter>src\game</Filter>
    </ClCompile>
    <ClCompile Include="..\..\..\src\game\Rules.cpp">
      <Filter>src\game</Filter>
    </ClCompile>
    <ClCompile Include="..\..\..\src\io\Assets.cpp">
      <Filter>src\io</Filter>
    </ClCompile>
    <ClCompile Include="..\..\..\src\io\zip\miniz.cpp">
      <Filter>src\io\zip</Filter>
    </ClCompile>
    <ClCompile Include="..\..\..\src\gfx\Gfx.cpp">
      <Filter>src\gfx</Filter>
    </ClCompile>
    <ClCompile Include="..\..\..\src\gfx\AssetCache.cpp">
      <Filter>src\gfx</Filter>
    </ClCompile>
    <ClCompile Include="..\..\..\src\gfx\views\GameView.cpp">
      <Filter>src\gfx\views</Filter>
    </ClCompile>
    <ClCompile Include="..\..\..\src\gfx\views\LevelSelectView.cpp">
      <Filter>src\gfx\views</Filter>
    </ClCompile>
    <ClCompile Include="..\..\..\src\gfx\views\MainMenuView.cpp">
      <Filter>src\gfx\views</Filter>
    </ClCompile>
    <ClCompile Include="..\..\..\src\utils\format\format.cpp">
      <Filter>src\utils\format</Filter>
    </ClCompile>
    <ClCompile Include="..\..\..\src\gfx\SdlHelper.cpp">
      <Filter>src\gfx</Filter>
    </ClCompile>
    <ClCompile Include="..\..\..\src\game\World.cpp">
      <Filter>src\game</Filter>
    </ClCompile>
    <ClCompile Include="..\..\..\src\test\LevelTester.cpp">
      <Filter>src\test</Filter>
    </ClCompile>
    <ClCompile Include="..\..\..\src\lua\lcorolib.c">
      <Filter>src\lua</Filter>
    </ClCompile>
    <ClCompile Include="..\..\..\src\lua\lctype.c">
      <Filter>src\lua</Filter>
    </ClCompile>
    <ClCompile Include="..\..\..\src\lua\ldblib.c">
      <Filter>src\lua</Filter>
    </ClCompile>
    <ClCompile Include="..\..\..\src\lua\ldebug.c">
      <Filter>src\lua</Filter>
    </ClCompile>
    <ClCompile Include="..\..\..\src\lua\ldo.c">
      <Filter>src\lua</Filter>
    </ClCompile>
    <ClCompile Include="..\..\..\src\lua\ldump.c">
      <Filter>src\lua</Filter>
    </ClCompile>
    <ClCompile Include="..\..\..\src\lua\lfunc.c">
      <Filter>src\lua</Filter>
    </ClCompile>
    <ClCompile Include="..\..\..\src\lua\lgc.c">
      <Filter>src\lua</Filter>
    </ClCompile>
    <ClCompile Include="..\..\..\src\lua\linit.c">
      <Filter>src\lua</Filter>
    </ClCompile>
    <ClCompile Include="..\..\..\src\lua\liolib.c">
      <Filter>src\lua</Filter>
    </ClCompile>
    <ClCompile Include="..\..\..\src\lua\llex.c">
      <Filter>src\lua</Filter>
    </ClCompile>
    <ClCompile Include="..\..\..\src\lua\lmathlib.c">
      <Filter>src\lua</Filter>
    </ClCompile>
    <ClCompile Include="..\..\..\src\lua\lmem.c">
      <Filter>src\lua</Filter>
    </ClCompile>
    <ClCompile Include="..\..\..\src\lua\loadlib.c">
      <Filter>src\lua</Filter>
    </ClCompile>
    <ClCompile Include="..\..\..\src\lua\lobject.c">
      <Filter>src\lua</Filter>
    </ClCompile>
    <ClCompile Include="..\..\..\src\lua\lopcodes.c">
      <Filter>src\lua</Filter>
    </ClCompile>
    <ClCompile Include="..\..\..\src\lua\loslib.c">
      <Filter>src\lua</Filter>
    </ClCompile>
    <ClCompile Include="..\..\..\src\lua\lparser.c">
      <Filter>src\lua</Filter>
    </ClCompile>
    <ClCompile Include="..\..\..\src\lua\lstate.c">
      <Filter>src\lua</Filter>
    </ClCompile>
    <ClCompile Include="..\..\..\src\lua\lstring.c">
      <Filter>src\lua</Filter>
    </ClCompile>
    <ClCompile Include="..\..\..\src\lua\lstrlib.c">
      <Filter>src\lua</Filter>
    </ClCompile>
    <ClCompile Include="..\..\..\src\lua\ltable.c">
      <Filter>src\lua</Filter>
    </ClCompile>
    <ClCompile Include="..\..\..\src\lua\ltablib.c">
      <Filter>src\lua</Filter>
    </ClCompile>
    <ClCompile Include="..\..\..\src\lua\ltm.c">
      <Filter>src\lua</Filter>
    </ClCompile>
    <ClCompile Include="..\..\..\src\lua\luac.c">
      <Filter>src\lua</Filter>
    </ClCompile>
    <ClCompile Include="..\..\..\src\lua\lundump.c">
      <Filter>src\lua</Filter>
    </ClCompile>
    <ClCompile Include="..\..\..\src\lua\lutf8lib.c">
      <Filter>src\lua</Filter>
    </ClCompile>
    <ClCompile Include="..\..\..\src\lua\lvm.c">
      <Filter>src\lua</Filter>
    </ClCompile>
    <ClCompile Include="..\..\..\src\lua\lzio.c">
      <Filter>src\lua</Filter>
    </ClCompile>
    <ClCompile Include="..\..\..\src\lua\lapi.c">
      <Filter>src\lua</Filter>
    </ClCompile>
    <ClCompile Include="..\..\..\src\lua\lauxlib.c">
      <Filter>src\lua</Filter>
    </ClCompile>
    <ClCompile Include="..\..\..\src\lua\lbaselib.c">
      <Filter>src\lua</Filter>
    </ClCompile>
    <ClCompile Include="..\..\..\src\lua\lcode.c">
      <Filter>src\lua</Filter>
    </ClCompile>
    <ClCompile Include="..\..\..\src\game\LuaBridge.cpp">
      <Filter>src\game</Filter>
    </ClCompile>
  </ItemGroup>
  <ItemGroup>
    <Natvis Include="Natvis.natvis" />
  </ItemGroup>
  <ItemGroup>
    <None Include="..\..\..\src\lua\Makefile">
      <Filter>src\lua</Filter>
    </None>
  </ItemGroup>
</Project>